
Microsoft Visual Studio Solution File, Format Version 12.00
# Visual Studio Version 16
VisualStudioVersion = 16.0.30804.86
MinimumVisualStudioVersion = 10.0.40219.1
Project("{9A19103F-16F7-4668-BE54-9A1E7A4F7556}") = "AutoReviser", "AutoReviser\AutoReviser.csproj", "{52A76AFE-FF4D-4145-A0DB-8D3C82FAC94C}"
EndProject
Project("{9A19103F-16F7-4668-BE54-9A1E7A4F7556}") = "AutoReviser.Tests", "AutoReviser.Tests\AutoReviser.Tests.csproj", "{CF82D9DB-FCF1-484B-8689-58D63EEFB244}"
EndProject
Project("{FAE04EC0-301F-11D3-BF4B-00C04F79EFBC}") = "AutoReviser.Tests50", "AutoReviser.Tests50\AutoReviser.Tests50.csproj", "{F7B68CBE-B935-4E3D-9BC2-D0A424D95392}"
EndProject
Global
	GlobalSection(SolutionConfigurationPlatforms) = preSolution
		Debug|Any CPU = Debug|Any CPU
		Release|Any CPU = Release|Any CPU
	EndGlobalSection
	GlobalSection(ProjectConfigurationPlatforms) = postSolution
		{52A76AFE-FF4D-4145-A0DB-8D3C82FAC94C}.Debug|Any CPU.ActiveCfg = Debug|Any CPU
		{52A76AFE-FF4D-4145-A0DB-8D3C82FAC94C}.Debug|Any CPU.Build.0 = Debug|Any CPU
		{52A76AFE-FF4D-4145-A0DB-8D3C82FAC94C}.Release|Any CPU.ActiveCfg = Release|Any CPU
		{52A76AFE-FF4D-4145-A0DB-8D3C82FAC94C}.Release|Any CPU.Build.0 = Release|Any CPU
		{CF82D9DB-FCF1-484B-8689-58D63EEFB244}.Debug|Any CPU.ActiveCfg = Debug|Any CPU
		{CF82D9DB-FCF1-484B-8689-58D63EEFB244}.Debug|Any CPU.Build.0 = Debug|Any CPU
		{CF82D9DB-FCF1-484B-8689-58D63EEFB244}.Release|Any CPU.ActiveCfg = Release|Any CPU
		{CF82D9DB-FCF1-484B-8689-58D63EEFB244}.Release|Any CPU.Build.0 = Release|Any CPU
		{F7B68CBE-B935-4E3D-9BC2-D0A424D95392}.Debug|Any CPU.ActiveCfg = Debug|Any CPU
		{F7B68CBE-B935-4E3D-9BC2-D0A424D95392}.Debug|Any CPU.Build.0 = Debug|Any CPU
		{F7B68CBE-B935-4E3D-9BC2-D0A424D95392}.Release|Any CPU.ActiveCfg = Release|Any CPU
		{F7B68CBE-B935-4E3D-9BC2-D0A424D95392}.Release|Any CPU.Build.0 = Release|Any CPU
	EndGlobalSection
	GlobalSection(SolutionProperties) = preSolution
		HideSolutionNode = FALSE
	EndGlobalSection
	GlobalSection(ExtensibilityGlobals) = postSolution
		SolutionGuid = {9D670794-2102-4F13-B7F8-283996489DA3}
	EndGlobalSection
EndGlobal
